Microsoft Visual Studio Solution File, Format Version 11.00
# Visual Studio 2008

Project("{C1A61537-BCDF-22A8-174B-1A8AADB35259}") = "finalAlpha2", "Assembly-CSharp-firstpass-vs.csproj", "{DC9719DE-4869-8408-BD42-BDD8D373AC06}"
EndProject
Project("{C1A61537-BCDF-22A8-174B-1A8AADB35259}") = "finalAlpha2", "Assembly-CSharp-vs.csproj", "{C07AB101-68CA-CE45-6004-3E1664AE3DFF}"
EndProject
Project("{C1A61537-BCDF-22A8-174B-1A8AADB35259}") = "finalAlpha2", "Assembly-CSharp-Editor-vs.csproj", "{72BDB00A-BFCD-BE61-1BA1-CD78075D2C66}"
EndProject
Global
	GlobalSection(SolutionConfigurationPlatforms) = preSolution
		Debug|Any CPU = Debug|Any CPU
		Release|Any CPU = Release|Any CPU
	EndGlobalSection
	GlobalSection(ProjectConfigurationPlatforms) = postSolution
		{DC9719DE-4869-8408-BD42-BDD8D373AC06}.Debug|Any CPU.ActiveCfg = Debug|Any CPU
		{DC9719DE-4869-8408-BD42-BDD8D373AC06}.Debug|Any CPU.Build.0 = Debug|Any CPU
		{DC9719DE-4869-8408-BD42-BDD8D373AC06}.Release|Any CPU.ActiveCfg = Release|Any CPU
		{DC9719DE-4869-8408-BD42-BDD8D373AC06}.Release|Any CPU.Build.0 = Release|Any CPU
		{C07AB101-68CA-CE45-6004-3E1664AE3DFF}.Debug|Any CPU.ActiveCfg = Debug|Any CPU
		{C07AB101-68CA-CE45-6004-3E1664AE3DFF}.Debug|Any CPU.Build.0 = Debug|Any CPU
		{C07AB101-68CA-CE45-6004-3E1664AE3DFF}.Release|Any CPU.ActiveCfg = Release|Any CPU
		{C07AB101-68CA-CE45-6004-3E1664AE3DFF}.Release|Any CPU.Build.0 = Release|Any CPU
		{72BDB00A-BFCD-BE61-1BA1-CD78075D2C66}.Debug|Any CPU.ActiveCfg = Debug|Any CPU
		{72BDB00A-BFCD-BE61-1BA1-CD78075D2C66}.Debug|Any CPU.Build.0 = Debug|Any CPU
		{72BDB00A-BFCD-BE61-1BA1-CD78075D2C66}.Release|Any CPU.ActiveCfg = Release|Any CPU
		{72BDB00A-BFCD-BE61-1BA1-CD78075D2C66}.Release|Any CPU.Build.0 = Release|Any CPU
	EndGlobalSection
	GlobalSection(SolutionProperties) = preSolution
		HideSolutionNode = FALSE
	EndGlobalSection
																																		GlobalSection(MonoDevelopProperties) = preSolution
		StartupItem = Assembly-CSharp.csproj
		Policies = $0
		$0.TextStylePolicy = $1
		$1.inheritsSet = null
		$1.scope = text/x-csharp
		$0.CSharpFormattingPolicy = $2
		$2.inheritsSet = Mono
		$2.inheritsScope = text/x-csharp
		$2.scope = text/x-csharp
		$0.TextStylePolicy = $3
		$3.FileWidth = 120
		$3.TabWidth = 4
		$3.EolMarker = Unix
		$3.inheritsSet = Mono
		$3.inheritsScope = text/plain
		$3.scope = text/plain
	EndGlobalSection

EndGlobal
